NeoBundleLock Dockerfile.vim 12cc300b26bd9ff72c381da5146581c9c7017a62
NeoBundleLock DoxygenToolkit.vim afd8663d36d2ec19d26befdb10e89e912d26bbd3
NeoBundleLock FastFold 680b65bf2455664f23a2feaa69ccd908d0ad94bc
NeoBundleLock JavaScript-syntax e24f4aa35f7d8c18cef41bc4cc76f52db5327f80
NeoBundleLock Kwbd.vim 3564a721c944a58915fb7d88063cfde921e01228
NeoBundleLock braceless.vim 3928fe18fb7c8561beed6a945622fd985a8e638b
NeoBundleLock clang_complete c41eea05317526a4ddd3bd389f3723390b196d4d
NeoBundleLock colorswatch.vim 587c9fb847f4493abc72bb2754894840004f4cef
NeoBundleLock context_filetype.vim e94555eab08d861ecab0111f0a1c475b2b44c76d
NeoBundleLock foldCC.vim 9c3051f0a6ccec6200c4c90b58a746372576d894
NeoBundleLock ghcmod-vim 1d192d13d68ab59f9f46497a0909bf24a7b7dfff
NeoBundleLock gitv 14fcbf59747c4d4215a3c5d7413d560b63c9eefa
NeoBundleLock grep.vim 852ddb0c6590bbc41c508d7f5d2fc17112492def
NeoBundleLock haml.zip 430eb45cab9f4daa8b66bdfe64cc1bec0d11b10b
NeoBundleLock jQuery 895d237528151c373d71c99f4812eb45b094e7c8
NeoBundleLock jedi-vim c8164fdfdaea5dd0533dd073e32e406bcb4526eb
NeoBundleLock jellybeans.vim 2ca7d8a27072a8f449887179c3fee81cb00f8c18
NeoBundleLock lightline.vim d465f10338962799b25571604599f4913c36d266
NeoBundleLock monday ab4e1fa3da913a79c747f01ed895864bbc7388c6
NeoBundleLock neobundle.vim 4c9a273fd085db60368b3f0fe5a4f2acf2c121df
NeoBundleLock neocomplete.vim 970cba438d3baf8239ccaaf53105bf880732507f
NeoBundleLock neoinclude.vim b4c120123b63ec6bf196233e6f5d174e5b776e41
NeoBundleLock neomru.vim 8f24671c8e1f06f8f85f64769a00bdb126ce5a8d
NeoBundleLock neosnippet-snippets 63c9182d34a618f8dfc22d7c2a3f4ffe3d7101ef
NeoBundleLock neosnippet.vim c86a19b06a39da938d599f26775522e7a98cb65b
NeoBundleLock neosnippet_chef_recipe_snippet cf548f8f161fa729ad1c853b8b75f36e91295183
NeoBundleLock nginx.vim 152bbb2dc00c2df37049ccf75f68f294208c72cb
NeoBundleLock open-browser.vim 39e80649c739151673373bbaf3a56d126531467b
NeoBundleLock previm d16310e360a40198fc8faf7732cb0545114972cf
NeoBundleLock restart.vim f7098c94ccdc47fda929b084ccd9a283751d8061
NeoBundleLock syntastic 026e09fbdf10c9ed9a7675722dc1e06501140c6c
NeoBundleLock textile.vim 0fb2f58fcf40ab23ad1c45091ff83d29326dc1d4
NeoBundleLock tomorrow-theme 0e0d35ac303f99b8aa182091ebeaee81cf2183a0
NeoBundleLock unite-everything b7f1a51e6adf9a61436e9fccee117fed40961b0a
NeoBundleLock unite-outline ce28a9020423dccd566a84af839284d78e81c69a
NeoBundleLock unite-quickfix f9b8d5f95ff2536abca1e81bd67dc740e5ee24a6
NeoBundleLock unite-tag 478585124a52bea51344bc61f4b9a85a791591ac
NeoBundleLock unite.vim ad15f96365b5cb43a45d0ca779df6a497f954f15
NeoBundleLock vim-anzu b5ee1115ede1b0c20cd44fea6cc4634151423120
NeoBundleLock vim-autopep8 2262c8013f471433b58c32f5539a2870bfd509c0
NeoBundleLock vim-clang-format 661e7b380e6a8e8f16bd31a8f1309fdb14c3262c
NeoBundleLock vim-coffee-script aace5c23d812a205c93e87ff79df72d9366928df
NeoBundleLock vim-colors-solarized 528a59f26d12278698bb946f8fb82a63711eec21
NeoBundleLock vim-easy-align 1cd724dc239c3a0f7a12e0fac85945cc3dbe07b0
NeoBundleLock vim-fontzoom b411334b6abaaf07380521d8446a59553fc7f57f
NeoBundleLock vim-fugitive 8f60d1d459362771cb68c0097565efdf52e62ec3
NeoBundleLock vim-gitgutter dc73a81bfe59a9de090b89a1312ded3c6f6a6f89
NeoBundleLock vim-hybrid cc58baabeabc7b83768e25b852bf89c34756bf90
NeoBundleLock vim-markdown a6af063e1c367e0256d78015eff8b7da9a2a38c0
NeoBundleLock vim-monster 10ba87db4acc557158d4a02e0649e7c5af72b0fc
NeoBundleLock vim-operator-replace 1345a556a321a092716e149d4765a5e17c0e9f0f
NeoBundleLock vim-operator-user c3dfd41c1ed516b4b901c97562e644de62c367aa
NeoBundleLock vim-over 2b01ea3e3b3f75296e411f2425e471ab0853dad9
NeoBundleLock vim-precious 74b3ee4dff0fe643c94cf505be4892a860f7e3e2
NeoBundleLock vim-python 05362358dda040f9fb938f6269ab7fe54d8fec0b
NeoBundleLock vim-qfreplace 89e64ae24fb4b8e2402ba6d84971c06606f4adf4
NeoBundleLock vim-quickhl 2df8d29f4015e1b442ca5aac9de895ad776d0128
NeoBundleLock vim-quickrun 13e60587a503620bd7d0dd1b822c29e18350e461
NeoBundleLock vim-rtags 054cd8970eda8e222fc5b4c7b88d2a8727d34f25
NeoBundleLock vim-ruby 074200ffa39b19baf9d9750d399d53d97f21ee07
NeoBundleLock vim-scala e294f4427925ccc2127b887d18771f95113330e3
NeoBundleLock vim-surround e49d6c2459e0f5569ff2d533b4df995dd7f98313
NeoBundleLock vim-textobj-blockwise c731da12fbd5728a22fb8d3c800b8bcdcbf94da8
NeoBundleLock vim-textobj-function adb50f38499b1f558cbd58845e3e91117e4538cf
NeoBundleLock vim-textobj-indent deb76867c302f933c8f21753806cbf2d8461b548
NeoBundleLock vim-textobj-multiblock 670a5ba57d73fcd793f480e262617c6eb0103355
NeoBundleLock vim-textobj-user 8e885f94c1a3b5204e75bb8b80077723a8a18467
NeoBundleLock vimclojure 5d22269cb35c663d8b0af0e22ca9e2e21b1bc9ce
NeoBundleLock vimfiler abb913ac67d77202e6170951ac627341c30600fe
NeoBundleLock vimshell d0c5bef010237855b4de25863bc54895effe5d7a
NeoBundleLock wikipedia.vim 112a26a136a2136259a3c907b57867e8e9281a2c
NeoBundleLock yankround.vim bced716bb283a328c4dbec056bba36e53b2b404b
NeoBundleLock yuroyoro256.vim 54a040dbfaafd485ad1a66e9a6a8410be33a1600
