NeoBundleLock Dockerfile.vim 1fc71e1c82e1b818d3353c8f1c28afece5e20046
NeoBundleLock DoxygenToolkit.vim afd8663d36d2ec19d26befdb10e89e912d26bbd3
NeoBundleLock JavaScript-syntax e24f4aa35f7d8c18cef41bc4cc76f52db5327f80
NeoBundleLock Kwbd.vim ed6d180b44c93d6ed0dfdeeee81b74bc0a46c3cb
NeoBundleLock colorswatch.vim d32ecb1d518984a363e86992e4a5a597dfefbc45
NeoBundleLock context_filetype.vim 663682d20bca8c65ae0f4f75ed4c463095b1b5a3
NeoBundleLock foldCC 2ca2ae57d6a69bc73fc91864f5a3acf9d81d5798
NeoBundleLock ghcmod-vim 7e5f6102aa709244f5d4cedec807eac4b901c4cb
NeoBundleLock gitv 76a30e96eeb977e9dc8a8a5cc15b7f903c420e67
NeoBundleLock grep.vim 852ddb0c6590bbc41c508d7f5d2fc17112492def
NeoBundleLock haml.zip 430eb45cab9f4daa8b66bdfe64cc1bec0d11b10b
NeoBundleLock jQuery 895d237528151c373d71c99f4812eb45b094e7c8
NeoBundleLock jellybeans.vim f931895c20681684278aef2ffd810730b9c36ec3
NeoBundleLock lightline.vim b967eefb9b7c3103a2f8885eb736876f0a0cdaa9
NeoBundleLock monday ab4e1fa3da913a79c747f01ed895864bbc7388c6
NeoBundleLock neobundle.vim da586948ea027442d6c1b724e3b8c0937e224454
NeoBundleLock neocomplete.vim bca65f2c7167acf89d254b6d232d10616a7282b0
NeoBundleLock neomru.vim e72bef33c7f6af3d17c9968f9ac7bb2fda2a2bde
NeoBundleLock neosnippet-snippets e09b7a60233878ddaaa1d4992bd17fb94ac6d537
NeoBundleLock neosnippet.vim d7145056c4b3b8177159a085cffbe54c18a7d248
NeoBundleLock nginx.vim 152bbb2dc00c2df37049ccf75f68f294208c72cb
NeoBundleLock open-browser.vim 7401abae649219708cc09a50e4f8967c5a11083c
NeoBundleLock recognize_charcode.vim e3736c82396ae54160a275329e2915ddd8ca2d83
NeoBundleLock restart.vim 3b3fa3ad94d7b8cf00fc523e5dd52db66cff0a70
NeoBundleLock syntastic 9af644dace47bb6692dd7364eb066e50c5f710b9
NeoBundleLock taglist.vim 53041fbc45398a9af631a20657e109707a455339
NeoBundleLock textile.vim 0fb2f58fcf40ab23ad1c45091ff83d29326dc1d4
NeoBundleLock tomorrow-theme 0e0d35ac303f99b8aa182091ebeaee81cf2183a0
NeoBundleLock unite-everything b7f1a51e6adf9a61436e9fccee117fed40961b0a
NeoBundleLock unite-outline 36c2bffc60c8b9dfef0ed694484fc99e52cc2c14
NeoBundleLock unite-quickfix f9b8d5f95ff2536abca1e81bd67dc740e5ee24a6
NeoBundleLock unite-tag 9e8bbe5271a3950992be39f6b586f25d2cf1a271
NeoBundleLock unite.vim bead7d12ab188ec80c05c6a764bb000dde2cb1c9
NeoBundleLock vim-anzu 0e44ead759d149f5b1a0dda8d8b444cd1fcd0369
NeoBundleLock vim-coffee-script 32fe889b8cafd3a4921ef8e6485156453ff58c42
NeoBundleLock vim-colors-solarized 528a59f26d12278698bb946f8fb82a63711eec21
NeoBundleLock vim-easy-align c62d124be614de65922b15d468c4049d1eee9353
NeoBundleLock vim-fontzoom b411334b6abaaf07380521d8446a59553fc7f57f
NeoBundleLock vim-fugitive 4cc201cbe3a0c3faa4cde1b82ba941d410e5e81c
NeoBundleLock vim-gitgutter 937930e647b89c1095c0683af16d7d5e8efcbd09
NeoBundleLock vim-hybrid 7d530218dbcc5b5a9d473bcd2dbd2a85e7be99fd
NeoBundleLock vim-marching 4b13ff6fefc34cd9d2a98d413b2c2c270cc7b17e
NeoBundleLock vim-markdown a6af063e1c367e0256d78015eff8b7da9a2a38c0
NeoBundleLock vim-monster d854f61be14e927e3288a8cd620f3d336d5c6adf
NeoBundleLock vim-operator-replace 1345a556a321a092716e149d4765a5e17c0e9f0f
NeoBundleLock vim-operator-user c3dfd41c1ed516b4b901c97562e644de62c367aa
NeoBundleLock vim-over 6a39e5ebc3fd0bc49d3eafd6ea525b6a32dc6a02
NeoBundleLock vim-precious b63ffb4cfc368d5ac3cdbd49e866776bcf1d9981
NeoBundleLock vim-python 05362358dda040f9fb938f6269ab7fe54d8fec0b
NeoBundleLock vim-quickhl 239d9edf6d2d250b4be2511a15fcec077e10314f
NeoBundleLock vim-quickrun 72e2bd74f6a541ddee856eaafb655825789d91fa
NeoBundleLock vim-ruby 70ef0ded00671cff4b8c5e0bf286c147428937a9
NeoBundleLock vim-scala e294f4427925ccc2127b887d18771f95113330e3
NeoBundleLock vimclojure 5d22269cb35c663d8b0af0e22ca9e2e21b1bc9ce
NeoBundleLock vimfiler e65aaf9498fb52ba248027fc55f379bb030532a0
NeoBundleLock vimshell 41d3ad325852e80588ab57c64433fa338789d6ac
NeoBundleLock yankround.vim 96bdd8226df7f06f3b016cf6a23442dfdb9981ac
NeoBundleLock yuroyoro256.vim 54a040dbfaafd485ad1a66e9a6a8410be33a1600
