NeoBundleLock Dockerfile.vim 7bc5525a5fc2805dc26ea46e3f8c5583172658df
NeoBundleLock DoxygenToolkit.vim afd8663d36d2ec19d26befdb10e89e912d26bbd3
NeoBundleLock FastFold 12e60714c2307c2379fd8498912aac23dc037474
NeoBundleLock JavaScript-syntax e24f4aa35f7d8c18cef41bc4cc76f52db5327f80
NeoBundleLock Kwbd.vim 3564a721c944a58915fb7d88063cfde921e01228
NeoBundleLock clang_complete 1c25564ba94d2914db7e07ae3403a3d293257c74
NeoBundleLock colorswatch.vim 587c9fb847f4493abc72bb2754894840004f4cef
NeoBundleLock context_filetype.vim 5e85f8cae26806f391aefe2661791a6de53bcea2
NeoBundleLock foldCC.vim 9c3051f0a6ccec6200c4c90b58a746372576d894
NeoBundleLock ghcmod-vim 1d192d13d68ab59f9f46497a0909bf24a7b7dfff
NeoBundleLock gitv fba7eee30b6a4e52e04efc1258f64352db1810b3
NeoBundleLock grep.vim 852ddb0c6590bbc41c508d7f5d2fc17112492def
NeoBundleLock haml.zip 430eb45cab9f4daa8b66bdfe64cc1bec0d11b10b
NeoBundleLock jQuery 895d237528151c373d71c99f4812eb45b094e7c8
NeoBundleLock jellybeans.vim fdc7b7ecd714c9afb0a5872ae87db0b23d50ea30
NeoBundleLock lightline.vim 059888ab650fa192dd441e52bd9f41f08b247529
NeoBundleLock monday ab4e1fa3da913a79c747f01ed895864bbc7388c6
NeoBundleLock neobundle.vim 88951d60547595606ea0ca8f28f643d2506f2714
NeoBundleLock neocomplete.vim 9617d825c0d4acdb18aec903e9c1c0443058d18b
NeoBundleLock neoinclude.vim 1906954bc29dd9a9757cc5f8e7eff3780d38cbad
NeoBundleLock neomru.vim c7bf447627679a3f06f0f3caf893b0497d0aa90b
NeoBundleLock neosnippet-snippets 8e2b1c0cab9ed9a832b3743dbb65e9966a64331a
NeoBundleLock neosnippet.vim 13c51ee885216619ab2dcd1a2c3790b83f85f27c
NeoBundleLock neosnippet_chef_recipe_snippet cf548f8f161fa729ad1c853b8b75f36e91295183
NeoBundleLock nginx.vim 152bbb2dc00c2df37049ccf75f68f294208c72cb
NeoBundleLock open-browser.vim 4f6579cc24ff4e9c85b344bcb2caabbac2f32125
NeoBundleLock previm e9967c225ddbcc67b45f6de7d3e2c5c656ef8fb6
NeoBundleLock restart.vim 15295274d5fa1c3eb4d69eee29800cee66a2ece0
NeoBundleLock syntastic 2124af80abfb856e8806c3b508b3982b7157c4a3
NeoBundleLock textile.vim 0fb2f58fcf40ab23ad1c45091ff83d29326dc1d4
NeoBundleLock tomorrow-theme 0e0d35ac303f99b8aa182091ebeaee81cf2183a0
NeoBundleLock unite-everything b7f1a51e6adf9a61436e9fccee117fed40961b0a
NeoBundleLock unite-outline dc4cd47d2e178e312765855cca6c863cbde67a68
NeoBundleLock unite-quickfix f9b8d5f95ff2536abca1e81bd67dc740e5ee24a6
NeoBundleLock unite-tag 478585124a52bea51344bc61f4b9a85a791591ac
NeoBundleLock unite.vim be09b0e5784c4c4c13aefae4f16313696c6f51de
NeoBundleLock vim-anzu 205cce21fdfd1349f24afaae7b494653327c7ac6
NeoBundleLock vim-clang-format e8d39a39915525da23bdb4028b4cec939dc1faca
NeoBundleLock vim-coffee-script 72f48c3f9bb6ba4f9ba1e6e4933c2c25686a1b62
NeoBundleLock vim-colors-solarized 528a59f26d12278698bb946f8fb82a63711eec21
NeoBundleLock vim-easy-align 3800a5405c2785b95f15995deb8107804bf45c02
NeoBundleLock vim-fontzoom b411334b6abaaf07380521d8446a59553fc7f57f
NeoBundleLock vim-fugitive 444ba9fda5d05aa14c7e8664fa4a66a59c62a550
NeoBundleLock vim-gitgutter 77aa7ea225b41f0121719fcc166cc9087f39f78e
NeoBundleLock vim-hybrid cc58baabeabc7b83768e25b852bf89c34756bf90
NeoBundleLock vim-markdown a6af063e1c367e0256d78015eff8b7da9a2a38c0
NeoBundleLock vim-monster 10ba87db4acc557158d4a02e0649e7c5af72b0fc
NeoBundleLock vim-operator-replace 1345a556a321a092716e149d4765a5e17c0e9f0f
NeoBundleLock vim-operator-user c3dfd41c1ed516b4b901c97562e644de62c367aa
NeoBundleLock vim-over 5114c04f12e6441fe2c1d759af7eb19060f5466c
NeoBundleLock vim-precious 74b3ee4dff0fe643c94cf505be4892a860f7e3e2
NeoBundleLock vim-python 05362358dda040f9fb938f6269ab7fe54d8fec0b
NeoBundleLock vim-qfreplace 89e64ae24fb4b8e2402ba6d84971c06606f4adf4
NeoBundleLock vim-quickhl 8f24bf90d746c27349bf8a6244484c0cbfe762eb
NeoBundleLock vim-quickrun 95da1f83c4a1988a3808492e2b2e169ed408d3e2
NeoBundleLock vim-rtags 0664321d5092bed3609174f3a72ed0cae5434b9d
NeoBundleLock vim-ruby 5c1ec6fe8d3890fd544f8273d21aeb74d0396f65
NeoBundleLock vim-scala e294f4427925ccc2127b887d18771f95113330e3
NeoBundleLock vim-surround e49d6c2459e0f5569ff2d533b4df995dd7f98313
NeoBundleLock vim-textobj-blockwise c731da12fbd5728a22fb8d3c800b8bcdcbf94da8
NeoBundleLock vim-textobj-function adb50f38499b1f558cbd58845e3e91117e4538cf
NeoBundleLock vim-textobj-indent deb76867c302f933c8f21753806cbf2d8461b548
NeoBundleLock vim-textobj-multiblock 670a5ba57d73fcd793f480e262617c6eb0103355
NeoBundleLock vim-textobj-user a3054162c09bcf732624f43ddacbd85dad09713b
NeoBundleLock vimclojure 5d22269cb35c663d8b0af0e22ca9e2e21b1bc9ce
NeoBundleLock vimfiler 72c37e897d09a8749417a3322a25ee45aa3a4ed3
NeoBundleLock vimshell d0c5bef010237855b4de25863bc54895effe5d7a
NeoBundleLock wikipedia.vim 112a26a136a2136259a3c907b57867e8e9281a2c
NeoBundleLock yankround.vim bced716bb283a328c4dbec056bba36e53b2b404b
NeoBundleLock yuroyoro256.vim 54a040dbfaafd485ad1a66e9a6a8410be33a1600
